// !$*UTF8*$!
{
	archiveVersion = 1;
	classes = {
	};
	objectVersion = 46;
	objects = {

/* Begin PBXBuildFile section */
		8545205E1F1C96FA00CD45C6 /* ExerciseToLogTableViewCell.swift in Sources */ = {isa = PBXBuildFile; fileRef = 8545205D1F1C96FA00CD45C6 /* ExerciseToLogTableViewCell.swift */; };
		856C88011F2071C700EB3A49 /* ThemeTableViewCell.swift in Sources */ = {isa = PBXBuildFile; fileRef = 856C88001F2071C700EB3A49 /* ThemeTableViewCell.swift */; };
		856C88051F20B42500EB3A49 /* expand.png in Resources */ = {isa = PBXBuildFile; fileRef = 856C88021F20B42500EB3A49 /* expand.png */; };
		856C88061F20B42500EB3A49 /* expand@2x.png in Resources */ = {isa = PBXBuildFile; fileRef = 856C88031F20B42500EB3A49 /* expand@2x.png */; };
		856C88071F20B42500EB3A49 /* expand@3x.png in Resources */ = {isa = PBXBuildFile; fileRef = 856C88041F20B42500EB3A49 /* expand@3x.png */; };
		856C88091F20B54A00EB3A49 /* Style.swift in Sources */ = {isa = PBXBuildFile; fileRef = 856C88081F20B54A00EB3A49 /* Style.swift */; };
		8573468A1F149B22004DACE0 /* workouts.png in Resources */ = {isa = PBXBuildFile; fileRef = 857346871F149B22004DACE0 /* workouts.png */; };
		8573468B1F149B22004DACE0 /* workouts@2x.png in Resources */ = {isa = PBXBuildFile; fileRef = 857346881F149B22004DACE0 /* workouts@2x.png */; };
		8573468C1F149B22004DACE0 /* workouts@3x.png in Resources */ = {isa = PBXBuildFile; fileRef = 857346891F149B22004DACE0 /* workouts@3x.png */; };
		8573468E1F149EC4004DACE0 /* WorkoutsCollectionViewCell.swift in Sources */ = {isa = PBXBuildFile; fileRef = 8573468D1F149EC4004DACE0 /* WorkoutsCollectionViewCell.swift */; };
		857346921F14ABD7004DACE0 /* CustomImageFlowLayout.swift in Sources */ = {isa = PBXBuildFile; fileRef = 857346911F14ABD7004DACE0 /* CustomImageFlowLayout.swift */; };
		857346961F14B118004DACE0 /* placeholder.png in Resources */ = {isa = PBXBuildFile; fileRef = 857346931F14B118004DACE0 /* placeholder.png */; };
		857346971F14B118004DACE0 /* placeholder@2x.png in Resources */ = {isa = PBXBuildFile; fileRef = 857346941F14B118004DACE0 /* placeholder@2x.png */; };
		857346981F14B118004DACE0 /* placeholder@3x.png in Resources */ = {isa = PBXBuildFile; fileRef = 857346951F14B118004DACE0 /* placeholder@3x.png */; };
		8573469A1F14B4F6004DACE0 /* ExercisesViewController.swift in Sources */ = {isa = PBXBuildFile; fileRef = 857346991F14B4F6004DACE0 /* ExercisesViewController.swift */; };
		8573469C1F14B54C004DACE0 /* ExerciseTableViewCell.swift in Sources */ = {isa = PBXBuildFile; fileRef = 8573469B1F14B54C004DACE0 /* ExerciseTableViewCell.swift */; };
		857346A01F14BC3F004DACE0 /* exercises.png in Resources */ = {isa = PBXBuildFile; fileRef = 8573469D1F14BC3F004DACE0 /* exercises.png */; };
		857346A11F14BC3F004DACE0 /* exercises@2x.png in Resources */ = {isa = PBXBuildFile; fileRef = 8573469E1F14BC3F004DACE0 /* exercises@2x.png */; };
		857346A21F14BC3F004DACE0 /* exercises@3x.png in Resources */ = {isa = PBXBuildFile; fileRef = 8573469F1F14BC3F004DACE0 /* exercises@3x.png */; };
		857346A41F14BF2E004DACE0 /* AddExerciseViewController.swift in Sources */ = {isa = PBXBuildFile; fileRef = 857346A31F14BF2E004DACE0 /* AddExerciseViewController.swift */; };
		857346A81F14C073004DACE0 /* chooseImage.png in Resources */ = {isa = PBXBuildFile; fileRef = 857346A51F14C073004DACE0 /* chooseImage.png */; };
		857346A91F14C073004DACE0 /* chooseImage@2x.png in Resources */ = {isa = PBXBuildFile; fileRef = 857346A61F14C073004DACE0 /* chooseImage@2x.png */; };
		857346AA1F14C073004DACE0 /* chooseImage@3x.png in Resources */ = {isa = PBXBuildFile; fileRef = 857346A71F14C073004DACE0 /* chooseImage@3x.png */; };
		857346AE1F14C1F8004DACE0 /* placeholderForAddExercise.png in Resources */ = {isa = PBXBuildFile; fileRef = 857346AB1F14C1F8004DACE0 /* placeholderForAddExercise.png */; };
		857346AF1F14C1F8004DACE0 /* placeholderForAddExercise@2x.png in Resources */ = {isa = PBXBuildFile; fileRef = 857346AC1F14C1F8004DACE0 /* placeholderForAddExercise@2x.png */; };
		857346B01F14C1F8004DACE0 /* placeholderForAddExercise@3x.png in Resources */ = {isa = PBXBuildFile; fileRef = 857346AD1F14C1F8004DACE0 /* placeholderForAddExercise@3x.png */; };
		857715EB1F1E16E50030C40F /* logo.png in Resources */ = {isa = PBXBuildFile; fileRef = 857715E81F1E16E50030C40F /* logo.png */; };
		857715EC1F1E16E50030C40F /* logo@2x.png in Resources */ = {isa = PBXBuildFile; fileRef = 857715E91F1E16E50030C40F /* logo@2x.png */; };
		857715ED1F1E16E50030C40F /* logo@3x.png in Resources */ = {isa = PBXBuildFile; fileRef = 857715EA1F1E16E50030C40F /* logo@3x.png */; };
		857715F71F1E1A7C0030C40F /* results.png in Resources */ = {isa = PBXBuildFile; fileRef = 857715F41F1E1A7C0030C40F /* results.png */; };
		857715F81F1E1A7C0030C40F /* results@2x.png in Resources */ = {isa = PBXBuildFile; fileRef = 857715F51F1E1A7C0030C40F /* results@2x.png */; };
		857715F91F1E1A7C0030C40F /* results@3x.png in Resources */ = {isa = PBXBuildFile; fileRef = 857715F61F1E1A7C0030C40F /* results@3x.png */; };
		857715FC1F1E1B6B0030C40F /* WorkoutListForResultsViewController.swift in Sources */ = {isa = PBXBuildFile; fileRef = 857715FB1F1E1B6B0030C40F /* WorkoutListForResultsViewController.swift */; };
		857716001F1E1F5C0030C40F /* WorkoutForResultsCollectionViewCell.swift in Sources */ = {isa = PBXBuildFile; fileRef = 857715FF1F1E1F5C0030C40F /* WorkoutForResultsCollectionViewCell.swift */; };
		857716031F1E24710030C40F /* SettingsViewController.swift in Sources */ = {isa = PBXBuildFile; fileRef = 857716021F1E24710030C40F /* SettingsViewController.swift */; };
		857959441F1C7B89006756BE /* LogWorkoutViewController.swift in Sources */ = {isa = PBXBuildFile; fileRef = 857959431F1C7B89006756BE /* LogWorkoutViewController.swift */; };
		857959471F1C7BD9006756BE /* SearchWorkoutCollectionReusableView.swift in Sources */ = {isa = PBXBuildFile; fileRef = 857959461F1C7BD9006756BE /* SearchWorkoutCollectionReusableView.swift */; };
		857959491F1C821B006756BE /* LogWorkoutCollectionViewCell.swift in Sources */ = {isa = PBXBuildFile; fileRef = 857959481F1C821B006756BE /* LogWorkoutCollectionViewCell.swift */; };
		8579594B1F1C88C1006756BE /* LogWorkoutTableViewController.swift in Sources */ = {isa = PBXBuildFile; fileRef = 8579594A1F1C88C1006756BE /* LogWorkoutTableViewController.swift */; };
		8579594E1F1C900E006756BE /* SelectDateTableViewCell.swift in Sources */ = {isa = PBXBuildFile; fileRef = 8579594D1F1C900E006756BE /* SelectDateTableViewCell.swift */; };
		85A1AB831F19FB64004282A3 /* Workout+CoreDataClass.swift in Sources */ = {isa = PBXBuildFile; fileRef = 85A1AB7F1F19FB64004282A3 /* Workout+CoreDataClass.swift */; };
		85A1AB841F19FB64004282A3 /* Workout+CoreDataProperties.swift in Sources */ = {isa = PBXBuildFile; fileRef = 85A1AB801F19FB64004282A3 /* Workout+CoreDataProperties.swift */; };
		85A1AB851F19FB64004282A3 /* Exercise+CoreDataClass.swift in Sources */ = {isa = PBXBuildFile; fileRef = 85A1AB811F19FB64004282A3 /* Exercise+CoreDataClass.swift */; };
		85A1AB861F19FB64004282A3 /* Exercise+CoreDataProperties.swift in Sources */ = {isa = PBXBuildFile; fileRef = 85A1AB821F19FB64004282A3 /* Exercise+CoreDataProperties.swift */; };
		85A1AB891F19FF01004282A3 /* DatabaseController.swift in Sources */ = {isa = PBXBuildFile; fileRef = 85A1AB881F19FF01004282A3 /* DatabaseController.swift */; };
		85D1BCE61F0DB2290054EC4B /* AppDelegate.swift in Sources */ = {isa = PBXBuildFile; fileRef = 85D1BCE51F0DB2290054EC4B /* AppDelegate.swift */; };
		85D1BCE81F0DB2290054EC4B /* WorkoutsViewController.swift in Sources */ = {isa = PBXBuildFile; fileRef = 85D1BCE71F0DB2290054EC4B /* WorkoutsViewController.swift */; };
		85D1BCEB1F0DB2290054EC4B /* Main.storyboard in Resources */ = {isa = PBXBuildFile; fileRef = 85D1BCE91F0DB2290054EC4B /* Main.storyboard */; };
		85D1BCEE1F0DB2290054EC4B /* Weight_Lifting.xcdatamodeld in Sources */ = {isa = PBXBuildFile; fileRef = 85D1BCEC1F0DB2290054EC4B /* Weight_Lifting.xcdatamodeld */; };
		85D1BCF01F0DB2290054EC4B /* Assets.xcassets in Resources */ = {isa = PBXBuildFile; fileRef = 85D1BCEF1F0DB2290054EC4B /* Assets.xcassets */; };
		85D1BCF31F0DB2290054EC4B /* LaunchScreen.storyboard in Resources */ = {isa = PBXBuildFile; fileRef = 85D1BCF11F0DB2290054EC4B /* LaunchScreen.storyboard */; };
		85D834DA1F1725BF0068A9B7 /* placeholderForAddImageToWorkout.png in Resources */ = {isa = PBXBuildFile; fileRef = 85D834D71F1725BF0068A9B7 /* placeholderForAddImageToWorkout.png */; };
		85D834DB1F1725BF0068A9B7 /* placeholderForAddImageToWorkout@2x.png in Resources */ = {isa = PBXBuildFile; fileRef = 85D834D81F1725BF0068A9B7 /* placeholderForAddImageToWorkout@2x.png */; };
		85D834DC1F1725BF0068A9B7 /* placeholderForAddImageToWorkout@3x.png in Resources */ = {isa = PBXBuildFile; fileRef = 85D834D91F1725BF0068A9B7 /* placeholderForAddImageToWorkout@3x.png */; };
		85D834E61F172C9F0068A9B7 /* save.png in Resources */ = {isa = PBXBuildFile; fileRef = 85D834E31F172C9F0068A9B7 /* save.png */; };
		85D834E71F172C9F0068A9B7 /* save@2x.png in Resources */ = {isa = PBXBuildFile; fileRef = 85D834E41F172C9F0068A9B7 /* save@2x.png */; };
		85D834E81F172C9F0068A9B7 /* save@3x.png in Resources */ = {isa = PBXBuildFile; fileRef = 85D834E51F172C9F0068A9B7 /* save@3x.png */; };
		85D834EC1F1879950068A9B7 /* record.png in Resources */ = {isa = PBXBuildFile; fileRef = 85D834E91F1879950068A9B7 /* record.png */; };
		85D834ED1F1879950068A9B7 /* record@2x.png in Resources */ = {isa = PBXBuildFile; fileRef = 85D834EA1F1879950068A9B7 /* record@2x.png */; };
		85D834EE1F1879950068A9B7 /* record@3x.png in Resources */ = {isa = PBXBuildFile; fileRef = 85D834EB1F1879950068A9B7 /* record@3x.png */; };
		85D834F21F187AB00068A9B7 /* settings@2x.png in Resources */ = {isa = PBXBuildFile; fileRef = 85D834EF1F187AB00068A9B7 /* settings@2x.png */; };
		85D834F31F187AB00068A9B7 /* settings@3x.png in Resources */ = {isa = PBXBuildFile; fileRef = 85D834F01F187AB00068A9B7 /* settings@3x.png */; };
		85D834F41F187AB00068A9B7 /* settings.png in Resources */ = {isa = PBXBuildFile; fileRef = 85D834F11F187AB00068A9B7 /* settings.png */; };
		85E259681F1CCF8E00207781 /* ViewWorkoutViewController.swift in Sources */ = {isa = PBXBuildFile; fileRef = 85E259671F1CCF8E00207781 /* ViewWorkoutViewController.swift */; };
		85E2596B1F1CD21400207781 /* WorkoutNameForViewWorkoutTableViewCell.swift in Sources */ = {isa = PBXBuildFile; fileRef = 85E2596A1F1CD21400207781 /* WorkoutNameForViewWorkoutTableViewCell.swift */; };
		85E2596F1F1CD5D000207781 /* ExerciseDetailsForViewWorkoutTableViewCell.swift in Sources */ = {isa = PBXBuildFile; fileRef = 85E2596E1F1CD5D000207781 /* ExerciseDetailsForViewWorkoutTableViewCell.swift */; };
		85F172FB1F15A6D2006E6A4C /* AddWorkoutViewController.swift in Sources */ = {isa = PBXBuildFile; fileRef = 85F172FA1F15A6D2006E6A4C /* AddWorkoutViewController.swift */; };
		85F172FD1F15AA1D006E6A4C /* ExerciseForWorkoutTableViewCell.swift in Sources */ = {isa = PBXBuildFile; fileRef = 85F172FC1F15AA1D006E6A4C /* ExerciseForWorkoutTableViewCell.swift */; };
		85F172FF1F15AD66006E6A4C /* WorkoutNameTableViewCell.swift in Sources */ = {isa = PBXBuildFile; fileRef = 85F172FE1F15AD66006E6A4C /* WorkoutNameTableViewCell.swift */; };
		85F173011F15CCDB006E6A4C /* ExerciseListToForWorkoutViewController.swift in Sources */ = {isa = PBXBuildFile; fileRef = 85F173001F15CCDB006E6A4C /* ExerciseListToForWorkoutViewController.swift */; };
		85F173081F15D333006E6A4C /* ExerciseWithButtonTableViewCell.swift in Sources */ = {isa = PBXBuildFile; fileRef = 85F173071F15D333006E6A4C /* ExerciseWithButtonTableViewCell.swift */; };
		85F173101F161B37006E6A4C /* tickedCircle.png in Resources */ = {isa = PBXBuildFile; fileRef = 85F1730A1F161B37006E6A4C /* tickedCircle.png */; };
		85F173111F161B37006E6A4C /* tickedCircle@2x.png in Resources */ = {isa = PBXBuildFile; fileRef = 85F1730B1F161B37006E6A4C /* tickedCircle@2x.png */; };
		85F173121F161B37006E6A4C /* tickedCircle@3x.png in Resources */ = {isa = PBXBuildFile; fileRef = 85F1730C1F161B37006E6A4C /* tickedCircle@3x.png */; };
		85F173131F161B37006E6A4C /* untickedCircle.png in Resources */ = {isa = PBXBuildFile; fileRef = 85F1730D1F161B37006E6A4C /* untickedCircle.png */; };
		85F173141F161B37006E6A4C /* untickedCircle@2x.png in Resources */ = {isa = PBXBuildFile; fileRef = 85F1730E1F161B37006E6A4C /* untickedCircle@2x.png */; };
		85F173151F161B37006E6A4C /* untickedCircle@3x.png in Resources */ = {isa = PBXBuildFile; fileRef = 85F1730F1F161B37006E6A4C /* untickedCircle@3x.png */; };
		85F1731F1F16223B006E6A4C /* arrow.png in Resources */ = {isa = PBXBuildFile; fileRef = 85F1731C1F16223B006E6A4C /* arrow.png */; };
		85F173201F16223B006E6A4C /* arrow@2x.png in Resources */ = {isa = PBXBuildFile; fileRef = 85F1731D1F16223B006E6A4C /* arrow@2x.png */; };
		85F173211F16223B006E6A4C /* arrow@3x.png in Resources */ = {isa = PBXBuildFile; fileRef = 85F1731E1F16223B006E6A4C /* arrow@3x.png */; };
/* End PBXBuildFile section */

/* Begin PBXFileReference section */
		8545205D1F1C96FA00CD45C6 /* ExerciseToLogTableViewCell.swift */ = {isa = PBXFileReference; fileEncoding = 4; lastKnownFileType = sourcecode.swift; path = ExerciseToLogTableViewCell.swift; sourceTree = "<group>"; };
		856C88001F2071C700EB3A49 /* ThemeTableViewCell.swift */ = {isa = PBXFileReference; fileEncoding = 4; lastKnownFileType = sourcecode.swift; path = ThemeTableViewCell.swift; sourceTree = "<group>"; };
		856C88021F20B42500EB3A49 /* expand.png */ = {isa = PBXFileReference; lastKnownFileType = image.png; path = expand.png; sourceTree = "<group>"; };
		856C88031F20B42500EB3A49 /* expand@2x.png */ = {isa = PBXFileReference; lastKnownFileType = image.png; path = "expand@2x.png"; sourceTree = "<group>"; };
		856C88041F20B42500EB3A49 /* expand@3x.png */ = {isa = PBXFileReference; lastKnownFileType = image.png; path = "expand@3x.png"; sourceTree = "<group>"; };
		856C88081F20B54A00EB3A49 /* Style.swift */ = {isa = PBXFileReference; fileEncoding = 4; lastKnownFileType = sourcecode.swift; path = Style.swift; sourceTree = "<group>"; };
		857346871F149B22004DACE0 /* workouts.png */ = {isa = PBXFileReference; lastKnownFileType = image.png; path = workouts.png; sourceTree = "<group>"; };
		857346881F149B22004DACE0 /* workouts@2x.png */ = {isa = PBXFileReference; lastKnownFileType = image.png; path = "workouts@2x.png"; sourceTree = "<group>"; };
		857346891F149B22004DACE0 /* workouts@3x.png */ = {isa = PBXFileReference; lastKnownFileType = image.png; path = "workouts@3x.png"; sourceTree = "<group>"; };
		8573468D1F149EC4004DACE0 /* WorkoutsCollectionViewCell.swift */ = {isa = PBXFileReference; fileEncoding = 4; lastKnownFileType = sourcecode.swift; path = WorkoutsCollectionViewCell.swift; sourceTree = "<group>"; };
		857346911F14ABD7004DACE0 /* CustomImageFlowLayout.swift */ = {isa = PBXFileReference; fileEncoding = 4; lastKnownFileType = sourcecode.swift; path = CustomImageFlowLayout.swift; sourceTree = "<group>"; };
		857346931F14B118004DACE0 /* placeholder.png */ = {isa = PBXFileReference; lastKnownFileType = image.png; path = placeholder.png; sourceTree = "<group>"; };
		857346941F14B118004DACE0 /* placeholder@2x.png */ = {isa = PBXFileReference; lastKnownFileType = image.png; path = "placeholder@2x.png"; sourceTree = "<group>"; };
		857346951F14B118004DACE0 /* placeholder@3x.png */ = {isa = PBXFileReference; lastKnownFileType = image.png; path = "placeholder@3x.png"; sourceTree = "<group>"; };
		857346991F14B4F6004DACE0 /* ExercisesViewController.swift */ = {isa = PBXFileReference; fileEncoding = 4; lastKnownFileType = sourcecode.swift; path = ExercisesViewController.swift; sourceTree = "<group>"; };
		8573469B1F14B54C004DACE0 /* ExerciseTableViewCell.swift */ = {isa = PBXFileReference; fileEncoding = 4; lastKnownFileType = sourcecode.swift; path = ExerciseTableViewCell.swift; sourceTree = "<group>"; };
		8573469D1F14BC3F004DACE0 /* exercises.png */ = {isa = PBXFileReference; lastKnownFileType = image.png; path = exercises.png; sourceTree = "<group>"; };
		8573469E1F14BC3F004DACE0 /* exercises@2x.png */ = {isa = PBXFileReference; lastKnownFileType = image.png; path = "exercises@2x.png"; sourceTree = "<group>"; };
		8573469F1F14BC3F004DACE0 /* exercises@3x.png */ = {isa = PBXFileReference; lastKnownFileType = image.png; path = "exercises@3x.png"; sourceTree = "<group>"; };
		857346A31F14BF2E004DACE0 /* AddExerciseViewController.swift */ = {isa = PBXFileReference; fileEncoding = 4; lastKnownFileType = sourcecode.swift; path = AddExerciseViewController.swift; sourceTree = "<group>"; };
		857346A51F14C073004DACE0 /* chooseImage.png */ = {isa = PBXFileReference; lastKnownFileType = image.png; path = chooseImage.png; sourceTree = "<group>"; };
		857346A61F14C073004DACE0 /* chooseImage@2x.png */ = {isa = PBXFileReference; lastKnownFileType = image.png; path = "chooseImage@2x.png"; sourceTree = "<group>"; };
		857346A71F14C073004DACE0 /* chooseImage@3x.png */ = {isa = PBXFileReference; lastKnownFileType = image.png; path = "chooseImage@3x.png"; sourceTree = "<group>"; };
		857346AB1F14C1F8004DACE0 /* placeholderForAddExercise.png */ = {isa = PBXFileReference; lastKnownFileType = image.png; path = placeholderForAddExercise.png; sourceTree = "<group>"; };
		857346AC1F14C1F8004DACE0 /* placeholderForAddExercise@2x.png */ = {isa = PBXFileReference; lastKnownFileType = image.png; path = "placeholderForAddExercise@2x.png"; sourceTree = "<group>"; };
		857346AD1F14C1F8004DACE0 /* placeholderForAddExercise@3x.png */ = {isa = PBXFileReference; lastKnownFileType = image.png; path = "placeholderForAddExercise@3x.png"; sourceTree = "<group>"; };
		857715E81F1E16E50030C40F /* logo.png */ = {isa = PBXFileReference; lastKnownFileType = image.png; path = logo.png; sourceTree = "<group>"; };
		857715E91F1E16E50030C40F /* logo@2x.png */ = {isa = PBXFileReference; lastKnownFileType = image.png; path = "logo@2x.png"; sourceTree = "<group>"; };
		857715EA1F1E16E50030C40F /* logo@3x.png */ = {isa = PBXFileReference; lastKnownFileType = image.png; path = "logo@3x.png"; sourceTree = "<group>"; };
		857715F41F1E1A7C0030C40F /* results.png */ = {isa = PBXFileReference; lastKnownFileType = image.png; path = results.png; sourceTree = "<group>"; };
		857715F51F1E1A7C0030C40F /* results@2x.png */ = {isa = PBXFileReference; lastKnownFileType = image.png; path = "results@2x.png"; sourceTree = "<group>"; };
		857715F61F1E1A7C0030C40F /* results@3x.png */ = {isa = PBXFileReference; lastKnownFileType = image.png; path = "results@3x.png"; sourceTree = "<group>"; };
		857715FB1F1E1B6B0030C40F /* WorkoutListForResultsViewController.swift */ = {isa = PBXFileReference; fileEncoding = 4; lastKnownFileType = sourcecode.swift; path = WorkoutListForResultsViewController.swift; sourceTree = "<group>"; };
		857715FF1F1E1F5C0030C40F /* WorkoutForResultsCollectionViewCell.swift */ = {isa = PBXFileReference; fileEncoding = 4; lastKnownFileType = sourcecode.swift; path = WorkoutForResultsCollectionViewCell.swift; sourceTree = "<group>"; };
		857716021F1E24710030C40F /* SettingsViewController.swift */ = {isa = PBXFileReference; fileEncoding = 4; lastKnownFileType = sourcecode.swift; path = SettingsViewController.swift; sourceTree = "<group>"; };
		857959431F1C7B89006756BE /* LogWorkoutViewController.swift */ = {isa = PBXFileReference; fileEncoding = 4; lastKnownFileType = sourcecode.swift; path = LogWorkoutViewController.swift; sourceTree = "<group>"; };
		857959461F1C7BD9006756BE /* SearchWorkoutCollectionReusableView.swift */ = {isa = PBXFileReference; fileEncoding = 4; lastKnownFileType = sourcecode.swift; path = SearchWorkoutCollectionReusableView.swift; sourceTree = "<group>"; };
		857959481F1C821B006756BE /* LogWorkoutCollectionViewCell.swift */ = {isa = PBXFileReference; fileEncoding = 4; lastKnownFileType = sourcecode.swift; path = LogWorkoutCollectionViewCell.swift; sourceTree = "<group>"; };
		8579594A1F1C88C1006756BE /* LogWorkoutTableViewController.swift */ = {isa = PBXFileReference; fileEncoding = 4; lastKnownFileType = sourcecode.swift; path = LogWorkoutTableViewController.swift; sourceTree = "<group>"; };
		8579594D1F1C900E006756BE /* SelectDateTableViewCell.swift */ = {isa = PBXFileReference; fileEncoding = 4; lastKnownFileType = sourcecode.swift; path = SelectDateTableViewCell.swift; sourceTree = "<group>"; };
		85A1AB7F1F19FB64004282A3 /* Workout+CoreDataClass.swift */ = {isa = PBXFileReference; fileEncoding = 4; lastKnownFileType = sourcecode.swift; path = "Workout+CoreDataClass.swift"; sourceTree = "<group>"; };
		85A1AB801F19FB64004282A3 /* Workout+CoreDataProperties.swift */ = {isa = PBXFileReference; fileEncoding = 4; lastKnownFileType = sourcecode.swift; path = "Workout+CoreDataProperties.swift"; sourceTree = "<group>"; };
		85A1AB811F19FB64004282A3 /* Exercise+CoreDataClass.swift */ = {isa = PBXFileReference; fileEncoding = 4; lastKnownFileType = sourcecode.swift; path = "Exercise+CoreDataClass.swift"; sourceTree = "<group>"; };
		85A1AB821F19FB64004282A3 /* Exercise+CoreDataProperties.swift */ = {isa = PBXFileReference; fileEncoding = 4; lastKnownFileType = sourcecode.swift; path = "Exercise+CoreDataProperties.swift"; sourceTree = "<group>"; };
		85A1AB881F19FF01004282A3 /* DatabaseController.swift */ = {isa = PBXFileReference; fileEncoding = 4; lastKnownFileType = sourcecode.swift; path = DatabaseController.swift; sourceTree = "<group>"; };
		85A1AB8A1F1B537F004282A3 /* Weight_Lifting 2.xcdatamodel */ = {isa = PBXFileReference; lastKnownFileType = wrapper.xcdatamodel; path = "Weight_Lifting 2.xcdatamodel"; sourceTree = "<group>"; };
		85D1BCE21F0DB2290054EC4B /* Weight Lifting.app */ = {isa = PBXFileReference; explicitFileType = wrapper.application; includeInIndex = 0; path = "Weight Lifting.app"; sourceTree = BUILT_PRODUCTS_DIR; };
		85D1BCE51F0DB2290054EC4B /* AppDelegate.swift */ = {isa = PBXFileReference; lastKnownFileType = sourcecode.swift; path = AppDelegate.swift; sourceTree = "<group>"; };
		85D1BCE71F0DB2290054EC4B /* WorkoutsViewController.swift */ = {isa = PBXFileReference; lastKnownFileType = sourcecode.swift; path = WorkoutsViewController.swift; sourceTree = "<group>"; };
		85D1BCEA1F0DB2290054EC4B /* Base */ = {isa = PBXFileReference; lastKnownFileType = file.storyboard; name = Base; path = Base.lproj/Main.storyboard; sourceTree = "<group>"; };
		85D1BCED1F0DB2290054EC4B /* Weight_Lifting.xcdatamodel */ = {isa = PBXFileReference; lastKnownFileType = wrapper.xcdatamodel; path = Weight_Lifting.xcdatamodel; sourceTree = "<group>"; };
		85D1BCEF1F0DB2290054EC4B /* Assets.xcassets */ = {isa = PBXFileReference; lastKnownFileType = folder.assetcatalog; path = Assets.xcassets; sourceTree = "<group>"; };
		85D1BCF21F0DB2290054EC4B /* Base */ = {isa = PBXFileReference; lastKnownFileType = file.storyboard; name = Base; path = Base.lproj/LaunchScreen.storyboard; sourceTree = "<group>"; };
		85D1BCF41F0DB2290054EC4B /* Info.plist */ = {isa = PBXFileReference; lastKnownFileType = text.plist.xml; path = Info.plist; sourceTree = "<group>"; };
		85D834D71F1725BF0068A9B7 /* placeholderForAddImageToWorkout.png */ = {isa = PBXFileReference; lastKnownFileType = image.png; path = placeholderForAddImageToWorkout.png; sourceTree = "<group>"; };
		85D834D81F1725BF0068A9B7 /* placeholderForAddImageToWorkout@2x.png */ = {isa = PBXFileReference; lastKnownFileType = image.png; path = "placeholderForAddImageToWorkout@2x.png"; sourceTree = "<group>"; };
		85D834D91F1725BF0068A9B7 /* placeholderForAddImageToWorkout@3x.png */ = {isa = PBXFileReference; lastKnownFileType = image.png; path = "placeholderForAddImageToWorkout@3x.png"; sourceTree = "<group>"; };
		85D834E31F172C9F0068A9B7 /* save.png */ = {isa = PBXFileReference; lastKnownFileType = image.png; path = save.png; sourceTree = "<group>"; };
		85D834E41F172C9F0068A9B7 /* save@2x.png */ = {isa = PBXFileReference; lastKnownFileType = image.png; path = "save@2x.png"; sourceTree = "<group>"; };
		85D834E51F172C9F0068A9B7 /* save@3x.png */ = {isa = PBXFileReference; lastKnownFileType = image.png; path = "save@3x.png"; sourceTree = "<group>"; };
		85D834E91F1879950068A9B7 /* record.png */ = {isa = PBXFileReference; lastKnownFileType = image.png; path = record.png; sourceTree = "<group>"; };
		85D834EA1F1879950068A9B7 /* record@2x.png */ = {isa = PBXFileReference; lastKnownFileType = image.png; path = "record@2x.png"; sourceTree = "<group>"; };
		85D834EB1F1879950068A9B7 /* record@3x.png */ = {isa = PBXFileReference; lastKnownFileType = image.png; path = "record@3x.png"; sourceTree = "<group>"; };
		85D834EF1F187AB00068A9B7 /* settings@2x.png */ = {isa = PBXFileReference; lastKnownFileType = image.png; path = "settings@2x.png"; sourceTree = "<group>"; };
		85D834F01F187AB00068A9B7 /* settings@3x.png */ = {isa = PBXFileReference; lastKnownFileType = image.png; path = "settings@3x.png"; sourceTree = "<group>"; };
		85D834F11F187AB00068A9B7 /* settings.png */ = {isa = PBXFileReference; lastKnownFileType = image.png; path = settings.png; sourceTree = "<group>"; };
		85E259671F1CCF8E00207781 /* ViewWorkoutViewController.swift */ = {isa = PBXFileReference; fileEncoding = 4; lastKnownFileType = sourcecode.swift; path = ViewWorkoutViewController.swift; sourceTree = "<group>"; };
		85E2596A1F1CD21400207781 /* WorkoutNameForViewWorkoutTableViewCell.swift */ = {isa = PBXFileReference; fileEncoding = 4; lastKnownFileType = sourcecode.swift; path = WorkoutNameForViewWorkoutTableViewCell.swift; sourceTree = "<group>"; };
		85E2596E1F1CD5D000207781 /* ExerciseDetailsForViewWorkoutTableViewCell.swift */ = {isa = PBXFileReference; fileEncoding = 4; lastKnownFileType = sourcecode.swift; path = ExerciseDetailsForViewWorkoutTableViewCell.swift; sourceTree = "<group>"; };
		85F172FA1F15A6D2006E6A4C /* AddWorkoutViewController.swift */ = {isa = PBXFileReference; fileEncoding = 4; lastKnownFileType = sourcecode.swift; path = AddWorkoutViewController.swift; sourceTree = "<group>"; };
		85F172FC1F15AA1D006E6A4C /* ExerciseForWorkoutTableViewCell.swift */ = {isa = PBXFileReference; fileEncoding = 4; lastKnownFileType = sourcecode.swift; path = ExerciseForWorkoutTableViewCell.swift; sourceTree = "<group>"; };
		85F172FE1F15AD66006E6A4C /* WorkoutNameTableViewCell.swift */ = {isa = PBXFileReference; fileEncoding = 4; lastKnownFileType = sourcecode.swift; path = WorkoutNameTableViewCell.swift; sourceTree = "<group>"; };
		85F173001F15CCDB006E6A4C /* ExerciseListToForWorkoutViewController.swift */ = {isa = PBXFileReference; fileEncoding = 4; lastKnownFileType = sourcecode.swift; path = ExerciseListToForWorkoutViewController.swift; sourceTree = "<group>"; };
		85F173071F15D333006E6A4C /* ExerciseWithButtonTableViewCell.swift */ = {isa = PBXFileReference; fileEncoding = 4; lastKnownFileType = sourcecode.swift; path = ExerciseWithButtonTableViewCell.swift; sourceTree = "<group>"; };
		85F1730A1F161B37006E6A4C /* tickedCircle.png */ = {isa = PBXFileReference; lastKnownFileType = image.png; path = tickedCircle.png; sourceTree = "<group>"; };
		85F1730B1F161B37006E6A4C /* tickedCircle@2x.png */ = {isa = PBXFileReference; lastKnownFileType = image.png; path = "tickedCircle@2x.png"; sourceTree = "<group>"; };
		85F1730C1F161B37006E6A4C /* tickedCircle@3x.png */ = {isa = PBXFileReference; lastKnownFileType = image.png; path = "tickedCircle@3x.png"; sourceTree = "<group>"; };
		85F1730D1F161B37006E6A4C /* untickedCircle.png */ = {isa = PBXFileReference; lastKnownFileType = image.png; path = untickedCircle.png; sourceTree = "<group>"; };
		85F1730E1F161B37006E6A4C /* untickedCircle@2x.png */ = {isa = PBXFileReference; lastKnownFileType = image.png; path = "untickedCircle@2x.png"; sourceTree = "<group>"; };
		85F1730F1F161B37006E6A4C /* untickedCircle@3x.png */ = {isa = PBXFileReference; lastKnownFileType = image.png; path = "untickedCircle@3x.png"; sourceTree = "<group>"; };
		85F1731C1F16223B006E6A4C /* arrow.png */ = {isa = PBXFileReference; lastKnownFileType = image.png; path = arrow.png; sourceTree = "<group>"; };
		85F1731D1F16223B006E6A4C /* arrow@2x.png */ = {isa = PBXFileReference; lastKnownFileType = image.png; path = "arrow@2x.png"; sourceTree = "<group>"; };
		85F1731E1F16223B006E6A4C /* arrow@3x.png */ = {isa = PBXFileReference; lastKnownFileType = image.png; path = "arrow@3x.png"; sourceTree = "<group>"; };
/* End PBXFileReference section */

/* Begin PBXFrameworksBuildPhase section */
		85D1BCDF1F0DB2290054EC4B /* Frameworks */ = {
			isa = PBXFrameworksBuildPhase;
			buildActionMask = 2147483647;
			files = (
			);
			runOnlyForDeploymentPostprocessing = 0;
		};
/* End PBXFrameworksBuildPhase section */

/* Begin PBXGroup section */
		857346861F149B11004DACE0 /* images */ = {
			isa = PBXGroup;
			children = (
				856C88021F20B42500EB3A49 /* expand.png */,
				856C88031F20B42500EB3A49 /* expand@2x.png */,
				856C88041F20B42500EB3A49 /* expand@3x.png */,
				857715F41F1E1A7C0030C40F /* results.png */,
				857715F51F1E1A7C0030C40F /* results@2x.png */,
				857715F61F1E1A7C0030C40F /* results@3x.png */,
				857715E81F1E16E50030C40F /* logo.png */,
				857715E91F1E16E50030C40F /* logo@2x.png */,
				857715EA1F1E16E50030C40F /* logo@3x.png */,
				85D834EF1F187AB00068A9B7 /* settings@2x.png */,
				85D834F01F187AB00068A9B7 /* settings@3x.png */,
				85D834F11F187AB00068A9B7 /* settings.png */,
				85D834E91F1879950068A9B7 /* record.png */,
				85D834EA1F1879950068A9B7 /* record@2x.png */,
				85D834EB1F1879950068A9B7 /* record@3x.png */,
				85D834E31F172C9F0068A9B7 /* save.png */,
				85D834E41F172C9F0068A9B7 /* save@2x.png */,
				85D834E51F172C9F0068A9B7 /* save@3x.png */,
				85D834D71F1725BF0068A9B7 /* placeholderForAddImageToWorkout.png */,
				85D834D81F1725BF0068A9B7 /* placeholderForAddImageToWorkout@2x.png */,
				85D834D91F1725BF0068A9B7 /* placeholderForAddImageToWorkout@3x.png */,
				85F1731C1F16223B006E6A4C /* arrow.png */,
				85F1731D1F16223B006E6A4C /* arrow@2x.png */,
				85F1731E1F16223B006E6A4C /* arrow@3x.png */,
				85F1730A1F161B37006E6A4C /* tickedCircle.png */,
				85F1730B1F161B37006E6A4C /* tickedCircle@2x.png */,
				85F1730C1F161B37006E6A4C /* tickedCircle@3x.png */,
				85F1730D1F161B37006E6A4C /* untickedCircle.png */,
				85F1730E1F161B37006E6A4C /* untickedCircle@2x.png */,
				85F1730F1F161B37006E6A4C /* untickedCircle@3x.png */,
				857346AB1F14C1F8004DACE0 /* placeholderForAddExercise.png */,
				857346AC1F14C1F8004DACE0 /* placeholderForAddExercise@2x.png */,
				857346AD1F14C1F8004DACE0 /* placeholderForAddExercise@3x.png */,
				857346A51F14C073004DACE0 /* chooseImage.png */,
				857346A61F14C073004DACE0 /* chooseImage@2x.png */,
				857346A71F14C073004DACE0 /* chooseImage@3x.png */,
				8573469D1F14BC3F004DACE0 /* exercises.png */,
				8573469E1F14BC3F004DACE0 /* exercises@2x.png */,
				8573469F1F14BC3F004DACE0 /* exercises@3x.png */,
				857346931F14B118004DACE0 /* placeholder.png */,
				857346941F14B118004DACE0 /* placeholder@2x.png */,
				857346951F14B118004DACE0 /* placeholder@3x.png */,
				857346871F149B22004DACE0 /* workouts.png */,
				857346881F149B22004DACE0 /* workouts@2x.png */,
				857346891F149B22004DACE0 /* workouts@3x.png */,
			);
			name = images;
			sourceTree = "<group>";
		};
		857715FA1F1E1B160030C40F /* Results */ = {
			isa = PBXGroup;
			children = (
				857715FB1F1E1B6B0030C40F /* WorkoutListForResultsViewController.swift */,
				857715FF1F1E1F5C0030C40F /* WorkoutForResultsCollectionViewCell.swift */,
			);
			name = Results;
			sourceTree = "<group>";
		};
		857716011F1E24450030C40F /* Settings */ = {
			isa = PBXGroup;
			children = (
				857716021F1E24710030C40F /* SettingsViewController.swift */,
				856C88001F2071C700EB3A49 /* ThemeTableViewCell.swift */,
				856C88081F20B54A00EB3A49 /* Style.swift */,
			);
			name = Settings;
			sourceTree = "<group>";
		};
		857959451F1C7B94006756BE /* Log Workout List */ = {
			isa = PBXGroup;
			children = (
				857959431F1C7B89006756BE /* LogWorkoutViewController.swift */,
				857959461F1C7BD9006756BE /* SearchWorkoutCollectionReusableView.swift */,
				857959481F1C821B006756BE /* LogWorkoutCollectionViewCell.swift */,
			);
			name = "Log Workout List";
			sourceTree = "<group>";
		};
		8579594C1F1C88C9006756BE /* Log Workout */ = {
			isa = PBXGroup;
			children = (
				8579594A1F1C88C1006756BE /* LogWorkoutTableViewController.swift */,
				8579594D1F1C900E006756BE /* SelectDateTableViewCell.swift */,
				8545205D1F1C96FA00CD45C6 /* ExerciseToLogTableViewCell.swift */,
			);
			name = "Log Workout";
			sourceTree = "<group>";
		};
		85A1AB871F19FB8D004282A3 /* Models */ = {
			isa = PBXGroup;
			children = (
				85A1AB7F1F19FB64004282A3 /* Workout+CoreDataClass.swift */,
				85A1AB801F19FB64004282A3 /* Workout+CoreDataProperties.swift */,
				85A1AB811F19FB64004282A3 /* Exercise+CoreDataClass.swift */,
				85A1AB821F19FB64004282A3 /* Exercise+CoreDataProperties.swift */,
			);
			name = Models;
			sourceTree = "<group>";
		};
		85D1BCD91F0DB2290054EC4B = {
			isa = PBXGroup;
			children = (
				85D1BCE41F0DB2290054EC4B /* Weight Lifting */,
				85D1BCE31F0DB2290054EC4B /* Products */,
			);
			sourceTree = "<group>";
		};
		85D1BCE31F0DB2290054EC4B /* Products */ = {
			isa = PBXGroup;
			children = (
				85D1BCE21F0DB2290054EC4B /* Weight Lifting.app */,
			);
			name = Products;
			sourceTree = "<group>";
		};
		85D1BCE41F0DB2290054EC4B /* Weight Lifting */ = {
			isa = PBXGroup;
			children = (
				85A1AB871F19FB8D004282A3 /* Models */,
				857346861F149B11004DACE0 /* images */,
				85D1BCE51F0DB2290054EC4B /* AppDelegate.swift */,
				85A1AB881F19FF01004282A3 /* DatabaseController.swift */,
				857959451F1C7B94006756BE /* Log Workout List */,
				8579594C1F1C88C9006756BE /* Log Workout */,
				85F173041F15D1AF006E6A4C /* Workout Screen */,
				85E259691F1CCF9300207781 /* View Workout */,
				85F173051F15D20A006E6A4C /* Add Workout Screen */,
				85F173061F15D280006E6A4C /* Add Exercise to Workout */,
				85F173091F15D396006E6A4C /* Exercises */,
				857715FA1F1E1B160030C40F /* Results */,
				857716011F1E24450030C40F /* Settings */,
				85D1BCE91F0DB2290054EC4B /* Main.storyboard */,
				85D1BCEF1F0DB2290054EC4B /* Assets.xcassets */,
				85D1BCF11F0DB2290054EC4B /* LaunchScreen.storyboard */,
				85D1BCF41F0DB2290054EC4B /* Info.plist */,
				85D1BCEC1F0DB2290054EC4B /* Weight_Lifting.xcdatamodeld */,
			);
			path = "Weight Lifting";
			sourceTree = "<group>";
		};
		85E259691F1CCF9300207781 /* View Workout */ = {
			isa = PBXGroup;
			children = (
				85E259671F1CCF8E00207781 /* ViewWorkoutViewController.swift */,
				85E2596A1F1CD21400207781 /* WorkoutNameForViewWorkoutTableViewCell.swift */,
				85E2596E1F1CD5D000207781 /* ExerciseDetailsForViewWorkoutTableViewCell.swift */,
			);
			name = "View Workout";
			sourceTree = "<group>";
		};
		85F173041F15D1AF006E6A4C /* Workout Screen */ = {
			isa = PBXGroup;
			children = (
				85D1BCE71F0DB2290054EC4B /* WorkoutsViewController.swift */,
				857346911F14ABD7004DACE0 /* CustomImageFlowLayout.swift */,
				8573468D1F149EC4004DACE0 /* WorkoutsCollectionViewCell.swift */,
			);
			name = "Workout Screen";
			sourceTree = "<group>";
		};
		85F173051F15D20A006E6A4C /* Add Workout Screen */ = {
			isa = PBXGroup;
			children = (
				85F172FA1F15A6D2006E6A4C /* AddWorkoutViewController.swift */,
				85F172FC1F15AA1D006E6A4C /* ExerciseForWorkoutTableViewCell.swift */,
				85F172FE1F15AD66006E6A4C /* WorkoutNameTableViewCell.swift */,
			);
			name = "Add Workout Screen";
			sourceTree = "<group>";
		};
		85F173061F15D280006E6A4C /* Add Exercise to Workout */ = {
			isa = PBXGroup;
			children = (
				85F173001F15CCDB006E6A4C /* ExerciseListToForWorkoutViewController.swift */,
				85F173071F15D333006E6A4C /* ExerciseWithButtonTableViewCell.swift */,
			);
			name = "Add Exercise to Workout";
			sourceTree = "<group>";
		};
		85F173091F15D396006E6A4C /* Exercises */ = {
			isa = PBXGroup;
			children = (
				857346991F14B4F6004DACE0 /* ExercisesViewController.swift */,
				8573469B1F14B54C004DACE0 /* ExerciseTableViewCell.swift */,
				857346A31F14BF2E004DACE0 /* AddExerciseViewController.swift */,
			);
			name = Exercises;
			sourceTree = "<group>";
		};
/* End PBXGroup section */

/* Begin PBXNativeTarget section */
		85D1BCE11F0DB2290054EC4B /* Weight Lifting */ = {
			isa = PBXNativeTarget;
			buildConfigurationList = 85D1BCF71F0DB2290054EC4B /* Build configuration list for PBXNativeTarget "Weight Lifting" */;
			buildPhases = (
				85D1BCDE1F0DB2290054EC4B /* Sources */,
				85D1BCDF1F0DB2290054EC4B /* Frameworks */,
				85D1BCE01F0DB2290054EC4B /* Resources */,
			);
			buildRules = (
			);
			dependencies = (
			);
			name = "Weight Lifting";
			productName = "Weight Lifting";
			productReference = 85D1BCE21F0DB2290054EC4B /* Weight Lifting.app */;
			productType = "com.apple.product-type.application";
		};
/* End PBXNativeTarget section */

/* Begin PBXProject section */
		85D1BCDA1F0DB2290054EC4B /* Project object */ = {
			isa = PBXProject;
			attributes = {
				LastSwiftUpdateCheck = 0830;
				LastUpgradeCheck = 0830;
				ORGANIZATIONNAME = "Awesome Inc";
				TargetAttributes = {
					85D1BCE11F0DB2290054EC4B = {
						CreatedOnToolsVersion = 8.3.3;
						DevelopmentTeam = R5TMPRGGM5;
						ProvisioningStyle = Automatic;
					};
				};
			};
			buildConfigurationList = 85D1BCDD1F0DB2290054EC4B /* Build configuration list for PBXProject "Weight Lifting" */;
			compatibilityVersion = "Xcode 3.2";
			developmentRegion = English;
			hasScannedForEncodings = 0;
			knownRegions = (
				en,
				Base,
			);
			mainGroup = 85D1BCD91F0DB2290054EC4B;
			productRefGroup = 85D1BCE31F0DB2290054EC4B /* Products */;
			projectDirPath = "";
			projectRoot = "";
			targets = (
				85D1BCE11F0DB2290054EC4B /* Weight Lifting */,
			);
		};
/* End PBXProject section */

/* Begin PBXResourcesBuildPhase section */
		85D1BCE01F0DB2290054EC4B /* Resources */ = {
			isa = PBXResourcesBuildPhase;
			buildActionMask = 2147483647;
			files = (
				85F173131F161B37006E6A4C /* untickedCircle.png in Resources */,
				85F173101F161B37006E6A4C /* tickedCircle.png in Resources */,
				857346AA1F14C073004DACE0 /* chooseImage@3x.png in Resources */,
				85F1731F1F16223B006E6A4C /* arrow.png in Resources */,
				857346A11F14BC3F004DACE0 /* exercises@2x.png in Resources */,
				85D1BCF31F0DB2290054EC4B /* LaunchScreen.storyboard in Resources */,
				85D834EC1F1879950068A9B7 /* record.png in Resources */,
				8573468C1F149B22004DACE0 /* workouts@3x.png in Resources */,
				857346AF1F14C1F8004DACE0 /* placeholderForAddExercise@2x.png in Resources */,
				856C88051F20B42500EB3A49 /* expand.png in Resources */,
				857346971F14B118004DACE0 /* placeholder@2x.png in Resources */,
				85D834EE1F1879950068A9B7 /* record@3x.png in Resources */,
				856C88061F20B42500EB3A49 /* expand@2x.png in Resources */,
				857346A01F14BC3F004DACE0 /* exercises.png in Resources */,
				857346A21F14BC3F004DACE0 /* exercises@3x.png in Resources */,
				857346981F14B118004DACE0 /* placeholder@3x.png in Resources */,
				85F173201F16223B006E6A4C /* arrow@2x.png in Resources */,
				85F173111F161B37006E6A4C /* tickedCircle@2x.png in Resources */,
				857715EC1F1E16E50030C40F /* logo@2x.png in Resources */,
				857715F81F1E1A7C0030C40F /* results@2x.png in Resources */,
				85D834F31F187AB00068A9B7 /* settings@3x.png in Resources */,
				857715F71F1E1A7C0030C40F /* results.png in Resources */,
				85F173151F161B37006E6A4C /* untickedCircle@3x.png in Resources */,
				8573468B1F149B22004DACE0 /* workouts@2x.png in Resources */,
				8573468A1F149B22004DACE0 /* workouts.png in Resources */,
				85F173121F161B37006E6A4C /* tickedCircle@3x.png in Resources */,
				857346961F14B118004DACE0 /* placeholder.png in Resources */,
				857715F91F1E1A7C0030C40F /* results@3x.png in Resources */,
				85D834ED1F1879950068A9B7 /* record@2x.png in Resources */,
				85D834E81F172C9F0068A9B7 /* save@3x.png in Resources */,
				85D834F21F187AB00068A9B7 /* settings@2x.png in Resources */,
				857346AE1F14C1F8004DACE0 /* placeholderForAddExercise.png in Resources */,
				85F173141F161B37006E6A4C /* untickedCircle@2x.png in Resources */,
				857346A81F14C073004DACE0 /* chooseImage.png in Resources */,
				857346B01F14C1F8004DACE0 /* placeholderForAddExercise@3x.png in Resources */,
				85D834E71F172C9F0068A9B7 /* save@2x.png in Resources */,
				85D1BCF01F0DB2290054EC4B /* Assets.xcassets in Resources */,
				85D1BCEB1F0DB2290054EC4B /* Main.storyboard in Resources */,
				85D834E61F172C9F0068A9B7 /* save.png in Resources */,
				857346A91F14C073004DACE0 /* chooseImage@2x.png in Resources */,
				85D834DA1F1725BF0068A9B7 /* placeholderForAddImageToWorkout.png in Resources */,
				85F173211F16223B006E6A4C /* arrow@3x.png in Resources */,
				857715EB1F1E16E50030C40F /* logo.png in Resources */,
				856C88071F20B42500EB3A49 /* expand@3x.png in Resources */,
				85D834F41F187AB00068A9B7 /* settings.png in Resources */,
				85D834DC1F1725BF0068A9B7 /* placeholderForAddImageToWorkout@3x.png in Resources */,
				857715ED1F1E16E50030C40F /* logo@3x.png in Resources */,
				85D834DB1F1725BF0068A9B7 /* placeholderForAddImageToWorkout@2x.png in Resources */,
			);
			runOnlyForDeploymentPostprocessing = 0;
		};
/* End PBXResourcesBuildPhase section */

/* Begin PBXSourcesBuildPhase section */
		85D1BCDE1F0DB2290054EC4B /* Sources */ = {
			isa = PBXSourcesBuildPhase;
			buildActionMask = 2147483647;
			files = (
				85F172FF1F15AD66006E6A4C /* WorkoutNameTableViewCell.swift in Sources */,
				8573468E1F149EC4004DACE0 /* WorkoutsCollectionViewCell.swift in Sources */,
				85A1AB861F19FB64004282A3 /* Exercise+CoreDataProperties.swift in Sources */,
				857715FC1F1E1B6B0030C40F /* WorkoutListForResultsViewController.swift in Sources */,
				857959471F1C7BD9006756BE /* SearchWorkoutCollectionReusableView.swift in Sources */,
				85F173081F15D333006E6A4C /* ExerciseWithButtonTableViewCell.swift in Sources */,
				85A1AB851F19FB64004282A3 /* Exercise+CoreDataClass.swift in Sources */,
				85F172FD1F15AA1D006E6A4C /* ExerciseForWorkoutTableViewCell.swift in Sources */,
				857959441F1C7B89006756BE /* LogWorkoutViewController.swift in Sources */,
				85E259681F1CCF8E00207781 /* ViewWorkoutViewController.swift in Sources */,
				85D1BCE81F0DB2290054EC4B /* WorkoutsViewController.swift in Sources */,
				85F172FB1F15A6D2006E6A4C /* AddWorkoutViewController.swift in Sources */,
				85A1AB841F19FB64004282A3 /* Workout+CoreDataProperties.swift in Sources */,
				857346A41F14BF2E004DACE0 /* AddExerciseViewController.swift in Sources */,
				8579594B1F1C88C1006756BE /* LogWorkoutTableViewController.swift in Sources */,
				85A1AB831F19FB64004282A3 /* Workout+CoreDataClass.swift in Sources */,
				8573469A1F14B4F6004DACE0 /* ExercisesViewController.swift in Sources */,
				857959491F1C821B006756BE /* LogWorkoutCollectionViewCell.swift in Sources */,
				85E2596B1F1CD21400207781 /* WorkoutNameForViewWorkoutTableViewCell.swift in Sources */,
				8573469C1F14B54C004DACE0 /* ExerciseTableViewCell.swift in Sources */,
				85D1BCEE1F0DB2290054EC4B /* Weight_Lifting.xcdatamodeld in Sources */,
				85A1AB891F19FF01004282A3 /* DatabaseController.swift in Sources */,
				85D1BCE61F0DB2290054EC4B /* AppDelegate.swift in Sources */,
				856C88091F20B54A00EB3A49 /* Style.swift in Sources */,
				856C88011F2071C700EB3A49 /* ThemeTableViewCell.swift in Sources */,
				857716031F1E24710030C40F /* SettingsViewController.swift in Sources */,
				857346921F14ABD7004DACE0 /* CustomImageFlowLayout.swift in Sources */,
				8579594E1F1C900E006756BE /* SelectDateTableViewCell.swift in Sources */,
				857716001F1E1F5C0030C40F /* WorkoutForResultsCollectionViewCell.swift in Sources */,
				8545205E1F1C96FA00CD45C6 /* ExerciseToLogTableViewCell.swift in Sources */,
				85F173011F15CCDB006E6A4C /* ExerciseListToForWorkoutViewController.swift in Sources */,
				85E2596F1F1CD5D000207781 /* ExerciseDetailsForViewWorkoutTableViewCell.swift in Sources */,
			);
			runOnlyForDeploymentPostprocessing = 0;
		};
/* End PBXSourcesBuildPhase section */

/* Begin PBXVariantGroup section */
		85D1BCE91F0DB2290054EC4B /* Main.storyboard */ = {
			isa = PBXVariantGroup;
			children = (
				85D1BCEA1F0DB2290054EC4B /* Base */,
			);
			name = Main.storyboard;
			sourceTree = "<group>";
		};
		85D1BCF11F0DB2290054EC4B /* LaunchScreen.storyboard */ = {
			isa = PBXVariantGroup;
			children = (
				85D1BCF21F0DB2290054EC4B /* Base */,
			);
			name = LaunchScreen.storyboard;
			sourceTree = "<group>";
		};
/* End PBXVariantGroup section */

/* Begin XCBuildConfiguration section */
		85D1BCF51F0DB2290054EC4B /* Debug */ = {
			isa = XCBuildConfiguration;
			buildSettings = {
				ALWAYS_SEARCH_USER_PATHS = NO;
				CLANG_ANALYZER_NONNULL = YES;
				CLANG_ANALYZER_NUMBER_OBJECT_CONVERSION = YES_AGGRESSIVE;
				CLANG_CXX_LANGUAGE_STANDARD = "gnu++0x";
				CLANG_CXX_LIBRARY = "libc++";
				CLANG_ENABLE_MODULES = YES;
				CLANG_ENABLE_OBJC_ARC = YES;
				CLANG_WARN_BOOL_CONVERSION = YES;
				CLANG_WARN_CONSTANT_CONVERSION = YES;
				CLANG_WARN_DIRECT_OBJC_ISA_USAGE = YES_ERROR;
				CLANG_WARN_DOCUMENTATION_COMMENTS = YES;
				CLANG_WARN_EMPTY_BODY = YES;
				CLANG_WARN_ENUM_CONVERSION = YES;
				CLANG_WARN_INFINITE_RECURSION = YES;
				CLANG_WARN_INT_CONVERSION = YES;
				CLANG_WARN_OBJC_ROOT_CLASS = YES_ERROR;
				CLANG_WARN_SUSPICIOUS_MOVE = YES;
				CLANG_WARN_UNREACHABLE_CODE = YES;
				CLANG_WARN__DUPLICATE_METHOD_MATCH = YES;
				"CODE_SIGN_IDENTITY[sdk=iphoneos*]" = "iPhone Developer";
				COPY_PHASE_STRIP = NO;
				DEBUG_INFORMATION_FORMAT = dwarf;
				ENABLE_STRICT_OBJC_MSGSEND = YES;
				ENABLE_TESTABILITY = YES;
				GCC_C_LANGUAGE_STANDARD = gnu99;
				GCC_DYNAMIC_NO_PIC = NO;
				GCC_NO_COMMON_BLOCKS = YES;
				GCC_OPTIMIZATION_LEVEL = 0;
				GCC_PREPROCESSOR_DEFINITIONS = (
					"DEBUG=1",
					"$(inherited)",
				);
				GCC_WARN_64_TO_32_BIT_CONVERSION = YES;
				GCC_WARN_ABOUT_RETURN_TYPE = YES_ERROR;
				GCC_WARN_UNDECLARED_SELECTOR = YES;
				GCC_WARN_UNINITIALIZED_AUTOS = YES_AGGRESSIVE;
				GCC_WARN_UNUSED_FUNCTION = YES;
				GCC_WARN_UNUSED_VARIABLE = YES;
				IPHONEOS_DEPLOYMENT_TARGET = 10.3;
				MTL_ENABLE_DEBUG_INFO = YES;
				ONLY_ACTIVE_ARCH = YES;
				SDKROOT = iphoneos;
				SWIFT_ACTIVE_COMPILATION_CONDITIONS = DEBUG;
				SWIFT_OPTIMIZATION_LEVEL = "-Onone";
				TARGETED_DEVICE_FAMILY = "1,2";
			};
			name = Debug;
		};
		85D1BCF61F0DB2290054EC4B /* Release */ = {
			isa = XCBuildConfiguration;
			buildSettings = {
				ALWAYS_SEARCH_USER_PATHS = NO;
				CLANG_ANALYZER_NONNULL = YES;
				CLANG_ANALYZER_NUMBER_OBJECT_CONVERSION = YES_AGGRESSIVE;
				CLANG_CXX_LANGUAGE_STANDARD = "gnu++0x";
				CLANG_CXX_LIBRARY = "libc++";
				CLANG_ENABLE_MODULES = YES;
				CLANG_ENABLE_OBJC_ARC = YES;
				CLANG_WARN_BOOL_CONVERSION = YES;
				CLANG_WARN_CONSTANT_CONVERSION = YES;
				CLANG_WARN_DIRECT_OBJC_ISA_USAGE = YES_ERROR;
				CLANG_WARN_DOCUMENTATION_COMMENTS = YES;
				CLANG_WARN_EMPTY_BODY = YES;
				CLANG_WARN_ENUM_CONVERSION = YES;
				CLANG_WARN_INFINITE_RECURSION = YES;
				CLANG_WARN_INT_CONVERSION = YES;
				CLANG_WARN_OBJC_ROOT_CLASS = YES_ERROR;
				CLANG_WARN_SUSPICIOUS_MOVE = YES;
				CLANG_WARN_UNREACHABLE_CODE = YES;
				CLANG_WARN__DUPLICATE_METHOD_MATCH = YES;
				"CODE_SIGN_IDENTITY[sdk=iphoneos*]" = "iPhone Developer";
				COPY_PHASE_STRIP = NO;
				DEBUG_INFORMATION_FORMAT = "dwarf-with-dsym";
				ENABLE_NS_ASSERTIONS = NO;
				ENABLE_STRICT_OBJC_MSGSEND = YES;
				GCC_C_LANGUAGE_STANDARD = gnu99;
				GCC_NO_COMMON_BLOCKS = YES;
				GCC_WARN_64_TO_32_BIT_CONVERSION = YES;
				GCC_WARN_ABOUT_RETURN_TYPE = YES_ERROR;
				GCC_WARN_UNDECLARED_SELECTOR = YES;
				GCC_WARN_UNINITIALIZED_AUTOS = YES_AGGRESSIVE;
				GCC_WARN_UNUSED_FUNCTION = YES;
				GCC_WARN_UNUSED_VARIABLE = YES;
				IPHONEOS_DEPLOYMENT_TARGET = 10.3;
				MTL_ENABLE_DEBUG_INFO = NO;
				SDKROOT = iphoneos;
				SWIFT_OPTIMIZATION_LEVEL = "-Owholemodule";
				TARGETED_DEVICE_FAMILY = "1,2";
				VALIDATE_PRODUCT = YES;
			};
			name = Release;
		};
		85D1BCF81F0DB2290054EC4B /* Debug */ = {
			isa = XCBuildConfiguration;
			buildSettings = {
				ASSETCATALOG_COMPILER_APPICON_NAME = AppIcon;
				DEVELOPMENT_TEAM = R5TMPRGGM5;
				INFOPLIST_FILE = "Weight Lifting/Info.plist";
				LD_RUNPATH_SEARCH_PATHS = "$(inherited) @executable_path/Frameworks";
				PRODUCT_BUNDLE_IDENTIFIER = "com.AwesomeInc.Weight-Lifting";
				PRODUCT_NAME = "$(TARGET_NAME)";
				SWIFT_VERSION = 3.0;
			};
			name = Debug;
		};
		85D1BCF91F0DB2290054EC4B /* Release */ = {
			isa = XCBuildConfiguration;
			buildSettings = {
				ASSETCATALOG_COMPILER_APPICON_NAME = AppIcon;
				DEVELOPMENT_TEAM = R5TMPRGGM5;
				INFOPLIST_FILE = "Weight Lifting/Info.plist";
				LD_RUNPATH_SEARCH_PATHS = "$(inherited) @executable_path/Frameworks";
				PRODUCT_BUNDLE_IDENTIFIER = "com.AwesomeInc.Weight-Lifting";
				PRODUCT_NAME = "$(TARGET_NAME)";
				SWIFT_VERSION = 3.0;
			};
			name = Release;
		};
/* End XCBuildConfiguration section */

/* Begin XCConfigurationList section */
		85D1BCDD1F0DB2290054EC4B /* Build configuration list for PBXProject "Weight Lifting" */ = {
			isa = XCConfigurationList;
			buildConfigurations = (
				85D1BCF51F0DB2290054EC4B /* Debug */,
				85D1BCF61F0DB2290054EC4B /* Release */,
			);
			defaultConfigurationIsVisible = 0;
			defaultConfigurationName = Release;
		};
		85D1BCF71F0DB2290054EC4B /* Build configuration list for PBXNativeTarget "Weight Lifting" */ = {
			isa = XCConfigurationList;
			buildConfigurations = (
				85D1BCF81F0DB2290054EC4B /* Debug */,
				85D1BCF91F0DB2290054EC4B /* Release */,
			);
			defaultConfigurationIsVisible = 0;
			defaultConfigurationName = Release;
		};
/* End XCConfigurationList section */

/* Begin XCVersionGroup section */
		85D1BCEC1F0DB2290054EC4B /* Weight_Lifting.xcdatamodeld */ = {
			isa = XCVersionGroup;
			children = (
				85A1AB8A1F1B537F004282A3 /* Weight_Lifting 2.xcdatamodel */,
				85D1BCED1F0DB2290054EC4B /* Weight_Lifting.xcdatamodel */,
			);
			currentVersion = 85D1BCED1F0DB2290054EC4B /* Weight_Lifting.xcdatamodel */;
			path = Weight_Lifting.xcdatamodeld;
			sourceTree = "<group>";
			versionGroupType = wrapper.xcdatamodel;
		};
/* End XCVersionGroup section */
	};
	rootObject = 85D1BCDA1F0DB2290054EC4B /* Project object */;
}
